
Microsoft Visual Studio Solution File, Format Version 12.00
# Visual Studio 15
VisualStudioVersion = 15.0.27130.2027
MinimumVisualStudioVersion = 10.0.40219.1
Project("{FAE04EC0-301F-11D3-BF4B-00C04F79EFBC}") = "wcfPrint", "wcfPrint\wcfPrint.csproj", "{2583CC1E-1ED5-4059-89DF-A9DA118603D9}"
EndProject
Global
	GlobalSection(SolutionConfigurationPlatforms) = preSolution
		Debug|Any CPU = Debug|Any CPU
		Release|Any CPU = Release|Any CPU
	EndGlobalSection
	GlobalSection(ProjectConfigurationPlatforms) = postSolution
		{2583CC1E-1ED5-4059-89DF-A9DA118603D9}.Debug|Any CPU.ActiveCfg = Debug|Any CPU
		{2583CC1E-1ED5-4059-89DF-A9DA118603D9}.Debug|Any CPU.Build.0 = Debug|Any CPU
		{2583CC1E-1ED5-4059-89DF-A9DA118603D9}.Release|Any CPU.ActiveCfg = Release|Any CPU
		{2583CC1E-1ED5-4059-89DF-A9DA118603D9}.Release|Any CPU.Build.0 = Release|Any CPU
	EndGlobalSection
	GlobalSection(SolutionProperties) = preSolution
		HideSolutionNode = FALSE
	EndGlobalSection
	GlobalSection(ExtensibilityGlobals) = postSolution
		SolutionGuid = {8A04E5C6-ACA2-43C2-8273-6F3478F844DD}
	EndGlobalSection
EndGlobal
